
Microsoft Visual Studio Solution File, Format Version 12.00
# Visual Studio Version 17
VisualStudioVersion = 17.0.31903.59
MinimumVisualStudioVersion = 10.0.40219.1
Project("{FAE04EC0-301F-11D3-BF4B-00C04F79EFBC}") = "Tyuiu.TishkinaEA.Sprint1.Task0.V29.Lib", "Tyuiu.TishkinaEA.Sprint1.Task0.V29.Lib\Tyuiu.TishkinaEA.Sprint1.Task0.V29.Lib.csproj", "{B75F2EFD-994D-4E4A-B677-835A55E2C853}"
EndProject
Project("{FAE04EC0-301F-11D3-BF4B-00C04F79EFBC}") = "Tyuiu.TishkinaEA.Sprint1.Task0.V29", "Tyuiu.TishkinaEA.Sprint1.Task0.V29\Tyuiu.TishkinaEA.Sprint1.Task0.V29.csproj", "{4D6E0A44-395B-4167-A3EC-56FD9F412343}"
EndProject
Project("{FAE04EC0-301F-11D3-BF4B-00C04F79EFBC}") = "Tyuiu.TishkinaEA.Sprint1.Task0.V29.Test", "Tyuiu.TishkinaEA.Sprint1.Task0.V29.Test\Tyuiu.TishkinaEA.Sprint1.Task0.V29.Test.csproj", "{C9523F2E-F06D-460B-8767-77BA7492DC23}"
EndProject
Project("{FAE04EC0-301F-11D3-BF4B-00C04F79EFBC}") = "Tyuiu.TishkinaEA.Sprint1.Task1.V4.Lib", "Tyuiu.TishkinaEA.Sprint1.Task1.V4.Lib\Tyuiu.TishkinaEA.Sprint1.Task1.V4.Lib.csproj", "{1FB08D86-8057-4311-A85C-C8C8FCA6B04E}"
EndProject
Project("{FAE04EC0-301F-11D3-BF4B-00C04F79EFBC}") = "Tyuiu.TishkinaEA.Sprint1.Task1.V4", "Tyuiu.TishkinaEA.Sprint1.Task1.V4\Tyuiu.TishkinaEA.Sprint1.Task1.V4.csproj", "{BC8F5AAB-E7C5-4482-B02D-0E7BBF547873}"
EndProject
Project("{FAE04EC0-301F-11D3-BF4B-00C04F79EFBC}") = "Tyuiu.TishkinaEA.Sprint1.Task1.V4.Test", "Tyuiu.TishkinaEA.Sprint1.Task1.V4.Test\Tyuiu.TishkinaEA.Sprint1.Task1.V4.Test.csproj", "{B76082E1-F430-4264-9A50-432FBBB0BDD6}"
EndProject
Project("{2150E333-8FDC-42A3-9474-1A3956D46DE8}") = "Task0", "Task0", "{36D591C7-65C7-A0D1-1CBC-10CDE441BDC8}"
EndProject
Project("{2150E333-8FDC-42A3-9474-1A3956D46DE8}") = "Task1", "Task1", "{4A5ED40D-4909-4453-A9BA-5B00CCEB6C73}"
EndProject
Project("{FAE04EC0-301F-11D3-BF4B-00C04F79EFBC}") = "Tyuiu.TishkinaEA.Sprint1.Task2.V13.Lib", "Tyuiu.TishkinaEA.Sprint1.Task2.V13.Lib\Tyuiu.TishkinaEA.Sprint1.Task2.V13.Lib.csproj", "{621B19A1-FA77-49EE-9BD9-5B27D0A5BF3D}"
EndProject
Project("{FAE04EC0-301F-11D3-BF4B-00C04F79EFBC}") = "Tyuiu.TishkinaEA.Sprint1.Task2.V13", "Tyuiu.TishkinaEA.Sprint1.Task2.V13\Tyuiu.TishkinaEA.Sprint1.Task2.V13.csproj", "{8D93383C-3B11-49C9-904B-6E49C99BA420}"
EndProject
Project("{FAE04EC0-301F-11D3-BF4B-00C04F79EFBC}") = "Tyuiu.TishkinaEA.Sprint1.Task2.V13.Test", "Tyuiu.TishkinaEA.Sprint1.Task2.V13.Test\Tyuiu.TishkinaEA.Sprint1.Task2.V13.Test.csproj", "{6843CF13-754A-4A44-97E6-789F120C1083}"
EndProject
Project("{2150E333-8FDC-42A3-9474-1A3956D46DE8}") = "Task2", "Task2", "{FBFDC8D4-14F9-47F7-9532-B5B77F460269}"
EndProject
Project("{FAE04EC0-301F-11D3-BF4B-00C04F79EFBC}") = "Tyuiu.TishkinaEA.Sprint1.Task3.V5.Lib", "Tyuiu.TishkinaEA.Sprint1.Task3.V5.Lib\Tyuiu.TishkinaEA.Sprint1.Task3.V5.Lib.csproj", "{D5B4B638-8F45-44E5-90E1-930F1FA0BB74}"
EndProject
Project("{FAE04EC0-301F-11D3-BF4B-00C04F79EFBC}") = "Tyuiu.TishkinaEA.Sprint1.Task3.V5", "Tyuiu.TishkinaEA.Sprint1.Task3.V5\Tyuiu.TishkinaEA.Sprint1.Task3.V5.csproj", "{3FA6F0F8-292A-4EF9-B371-735C84C14DFD}"
EndProject
Project("{FAE04EC0-301F-11D3-BF4B-00C04F79EFBC}") = "Tyuiu.TishkinaEA.Sprint1.Task3.V5.Test", "Tyuiu.TishkinaEA.Sprint1.Task3.V5.Test\Tyuiu.TishkinaEA.Sprint1.Task3.V5.Test.csproj", "{FF6A7108-79BA-4811-8289-CF19CB100B63}"
EndProject
Project("{2150E333-8FDC-42A3-9474-1A3956D46DE8}") = "Task3", "Task3", "{351A2DC5-5311-4756-A2EF-D002F037306F}"
EndProject
Project("{FAE04EC0-301F-11D3-BF4B-00C04F79EFBC}") = "Tyuiu.TishkinaEA.Sprint1.Task4.V14.Lib", "Tyuiu.TishkinaEA.Sprint1.Task4.V14.Lib\Tyuiu.TishkinaEA.Sprint1.Task4.V14.Lib.csproj", "{0D631FFE-4062-4AA2-ABC7-4BFAC24FDA23}"
EndProject
Project("{FAE04EC0-301F-11D3-BF4B-00C04F79EFBC}") = "Tyuiu.TishkinaEA.Sprint1.Task4.V14", "Tyuiu.TishkinaEA.Sprint1.Task4.V14\Tyuiu.TishkinaEA.Sprint1.Task4.V14.csproj", "{255C49FC-EBF8-4FF3-9B09-720C5AFC09BB}"
EndProject
Project("{FAE04EC0-301F-11D3-BF4B-00C04F79EFBC}") = "Tyuiu.TishkinaEA.Sprint1.Task4.V14.Test", "Tyuiu.TishkinaEA.Sprint1.Task4.V14.Test\Tyuiu.TishkinaEA.Sprint1.Task4.V14.Test.csproj", "{FEBC5319-28F5-4CF2-83BB-797C3E7EB03D}"
EndProject
Project("{2150E333-8FDC-42A3-9474-1A3956D46DE8}") = "Task4", "Task4", "{54519765-0055-48DC-8DF1-CBF847C21A23}"
EndProject
Project("{FAE04EC0-301F-11D3-BF4B-00C04F79EFBC}") = "Tyuiu.TishkinaEA.Sprint1.Task5.V2.Lib", "Tyuiu.TishkinaEA.Sprint1.Task5.V2.Lib\Tyuiu.TishkinaEA.Sprint1.Task5.V2.Lib.csproj", "{6537BF87-2F3B-42F0-B60B-A2751D36C5E6}"
EndProject
Project("{FAE04EC0-301F-11D3-BF4B-00C04F79EFBC}") = "Tyuiu.TishkinaEA.Sprint1.Task5.V2", "Tyuiu.TishkinaEA.Sprint1.Task5.V2\Tyuiu.TishkinaEA.Sprint1.Task5.V2.csproj", "{1668D8F8-68A7-4405-B527-B96CAE19DFA7}"
EndProject
Project("{FAE04EC0-301F-11D3-BF4B-00C04F79EFBC}") = "Tyuiu.TishkinaEA.Sprint1.Task5.V2.Test", "Tyuiu.TishkinaEA.Sprint1.Task5.V2.Test\Tyuiu.TishkinaEA.Sprint1.Task5.V2.Test.csproj", "{AE55DA98-F5BE-4A73-8F35-2DE8EB87FB69}"
EndProject
Project("{2150E333-8FDC-42A3-9474-1A3956D46DE8}") = "Task5", "Task5", "{51AF9E95-78C6-4755-B346-B1F93FF53EDF}"
EndProject
Project("{FAE04EC0-301F-11D3-BF4B-00C04F79EFBC}") = "Tyuiu.TishkinaEA.Sprint1.Task6.V2.Lib", "Tyuiu.TishkinaEA.Sprint1.Task6.V2.Lib\Tyuiu.TishkinaEA.Sprint1.Task6.V2.Lib.csproj", "{A4DC2E3A-17CB-4686-9A81-7FCAD27F007A}"
EndProject
Project("{FAE04EC0-301F-11D3-BF4B-00C04F79EFBC}") = "Tyuiu.TishkinaEA.Sprint1.Task6.V2", "Tyuiu.TishkinaEA.Sprint1.Task6.V2\Tyuiu.TishkinaEA.Sprint1.Task6.V2.csproj", "{AA5CC165-FD24-4816-9832-18B811F4C0B5}"
EndProject
Project("{FAE04EC0-301F-11D3-BF4B-00C04F79EFBC}") = "Tyuiu.TishkinaEA.Sprint1.Task6.V2.Test", "Tyuiu.TishkinaEA.Sprint1.Task6.V2.Test\Tyuiu.TishkinaEA.Sprint1.Task6.V2.Test.csproj", "{5821E9D9-444C-4875-9738-E028D84F95A5}"
EndProject
Project("{2150E333-8FDC-42A3-9474-1A3956D46DE8}") = "Task6", "Task6", "{36D591C7-65C7-A0D1-1CBC-10CDE441BDC8}"
EndProject
Global
	GlobalSection(SolutionConfigurationPlatforms) = preSolution
		Debug|Any CPU = Debug|Any CPU
		Release|Any CPU = Release|Any CPU
	EndGlobalSection
	GlobalSection(ProjectConfigurationPlatforms) = postSolution
		{B75F2EFD-994D-4E4A-B677-835A55E2C853}.Debug|Any CPU.ActiveCfg = Debug|Any CPU
		{B75F2EFD-994D-4E4A-B677-835A55E2C853}.Debug|Any CPU.Build.0 = Debug|Any CPU
		{B75F2EFD-994D-4E4A-B677-835A55E2C853}.Release|Any CPU.ActiveCfg = Release|Any CPU
		{B75F2EFD-994D-4E4A-B677-835A55E2C853}.Release|Any CPU.Build.0 = Release|Any CPU
		{4D6E0A44-395B-4167-A3EC-56FD9F412343}.Debug|Any CPU.ActiveCfg = Debug|Any CPU
		{4D6E0A44-395B-4167-A3EC-56FD9F412343}.Debug|Any CPU.Build.0 = Debug|Any CPU
		{4D6E0A44-395B-4167-A3EC-56FD9F412343}.Release|Any CPU.ActiveCfg = Release|Any CPU
		{4D6E0A44-395B-4167-A3EC-56FD9F412343}.Release|Any CPU.Build.0 = Release|Any CPU
		{C9523F2E-F06D-460B-8767-77BA7492DC23}.Debug|Any CPU.ActiveCfg = Debug|Any CPU
		{C9523F2E-F06D-460B-8767-77BA7492DC23}.Debug|Any CPU.Build.0 = Debug|Any CPU
		{C9523F2E-F06D-460B-8767-77BA7492DC23}.Release|Any CPU.ActiveCfg = Release|Any CPU
		{C9523F2E-F06D-460B-8767-77BA7492DC23}.Release|Any CPU.Build.0 = Release|Any CPU
		{1FB08D86-8057-4311-A85C-C8C8FCA6B04E}.Debug|Any CPU.ActiveCfg = Debug|Any CPU
		{1FB08D86-8057-4311-A85C-C8C8FCA6B04E}.Debug|Any CPU.Build.0 = Debug|Any CPU
		{1FB08D86-8057-4311-A85C-C8C8FCA6B04E}.Release|Any CPU.ActiveCfg = Release|Any CPU
		{1FB08D86-8057-4311-A85C-C8C8FCA6B04E}.Release|Any CPU.Build.0 = Release|Any CPU
		{BC8F5AAB-E7C5-4482-B02D-0E7BBF547873}.Debug|Any CPU.ActiveCfg = Debug|Any CPU
		{BC8F5AAB-E7C5-4482-B02D-0E7BBF547873}.Debug|Any CPU.Build.0 = Debug|Any CPU
		{BC8F5AAB-E7C5-4482-B02D-0E7BBF547873}.Release|Any CPU.ActiveCfg = Release|Any CPU
		{BC8F5AAB-E7C5-4482-B02D-0E7BBF547873}.Release|Any CPU.Build.0 = Release|Any CPU
		{B76082E1-F430-4264-9A50-432FBBB0BDD6}.Debug|Any CPU.ActiveCfg = Debug|Any CPU
		{B76082E1-F430-4264-9A50-432FBBB0BDD6}.Debug|Any CPU.Build.0 = Debug|Any CPU
		{B76082E1-F430-4264-9A50-432FBBB0BDD6}.Release|Any CPU.ActiveCfg = Release|Any CPU
		{B76082E1-F430-4264-9A50-432FBBB0BDD6}.Release|Any CPU.Build.0 = Release|Any CPU
		{621B19A1-FA77-49EE-9BD9-5B27D0A5BF3D}.Debug|Any CPU.ActiveCfg = Debug|Any CPU
		{621B19A1-FA77-49EE-9BD9-5B27D0A5BF3D}.Debug|Any CPU.Build.0 = Debug|Any CPU
		{621B19A1-FA77-49EE-9BD9-5B27D0A5BF3D}.Release|Any CPU.ActiveCfg = Release|Any CPU
		{621B19A1-FA77-49EE-9BD9-5B27D0A5BF3D}.Release|Any CPU.Build.0 = Release|Any CPU
		{8D93383C-3B11-49C9-904B-6E49C99BA420}.Debug|Any CPU.ActiveCfg = Debug|Any CPU
		{8D93383C-3B11-49C9-904B-6E49C99BA420}.Debug|Any CPU.Build.0 = Debug|Any CPU
		{8D93383C-3B11-49C9-904B-6E49C99BA420}.Release|Any CPU.ActiveCfg = Release|Any CPU
		{8D93383C-3B11-49C9-904B-6E49C99BA420}.Release|Any CPU.Build.0 = Release|Any CPU
		{6843CF13-754A-4A44-97E6-789F120C1083}.Debug|Any CPU.ActiveCfg = Debug|Any CPU
		{6843CF13-754A-4A44-97E6-789F120C1083}.Debug|Any CPU.Build.0 = Debug|Any CPU
		{6843CF13-754A-4A44-97E6-789F120C1083}.Release|Any CPU.ActiveCfg = Release|Any CPU
		{6843CF13-754A-4A44-97E6-789F120C1083}.Release|Any CPU.Build.0 = Release|Any CPU
		{D5B4B638-8F45-44E5-90E1-930F1FA0BB74}.Debug|Any CPU.ActiveCfg = Debug|Any CPU
		{D5B4B638-8F45-44E5-90E1-930F1FA0BB74}.Debug|Any CPU.Build.0 = Debug|Any CPU
		{D5B4B638-8F45-44E5-90E1-930F1FA0BB74}.Release|Any CPU.ActiveCfg = Release|Any CPU
		{D5B4B638-8F45-44E5-90E1-930F1FA0BB74}.Release|Any CPU.Build.0 = Release|Any CPU
		{3FA6F0F8-292A-4EF9-B371-735C84C14DFD}.Debug|Any CPU.ActiveCfg = Debug|Any CPU
		{3FA6F0F8-292A-4EF9-B371-735C84C14DFD}.Debug|Any CPU.Build.0 = Debug|Any CPU
		{3FA6F0F8-292A-4EF9-B371-735C84C14DFD}.Release|Any CPU.ActiveCfg = Release|Any CPU
		{3FA6F0F8-292A-4EF9-B371-735C84C14DFD}.Release|Any CPU.Build.0 = Release|Any CPU
		{FF6A7108-79BA-4811-8289-CF19CB100B63}.Debug|Any CPU.ActiveCfg = Debug|Any CPU
		{FF6A7108-79BA-4811-8289-CF19CB100B63}.Debug|Any CPU.Build.0 = Debug|Any CPU
		{FF6A7108-79BA-4811-8289-CF19CB100B63}.Release|Any CPU.ActiveCfg = Release|Any CPU
		{FF6A7108-79BA-4811-8289-CF19CB100B63}.Release|Any CPU.Build.0 = Release|Any CPU
		{0D631FFE-4062-4AA2-ABC7-4BFAC24FDA23}.Debug|Any CPU.ActiveCfg = Debug|Any CPU
		{0D631FFE-4062-4AA2-ABC7-4BFAC24FDA23}.Debug|Any CPU.Build.0 = Debug|Any CPU
		{0D631FFE-4062-4AA2-ABC7-4BFAC24FDA23}.Release|Any CPU.ActiveCfg = Release|Any CPU
		{0D631FFE-4062-4AA2-ABC7-4BFAC24FDA23}.Release|Any CPU.Build.0 = Release|Any CPU
		{255C49FC-EBF8-4FF3-9B09-720C5AFC09BB}.Debug|Any CPU.ActiveCfg = Debug|Any CPU
		{255C49FC-EBF8-4FF3-9B09-720C5AFC09BB}.Debug|Any CPU.Build.0 = Debug|Any CPU
		{255C49FC-EBF8-4FF3-9B09-720C5AFC09BB}.Release|Any CPU.ActiveCfg = Release|Any CPU
		{255C49FC-EBF8-4FF3-9B09-720C5AFC09BB}.Release|Any CPU.Build.0 = Release|Any CPU
		{FEBC5319-28F5-4CF2-83BB-797C3E7EB03D}.Debug|Any CPU.ActiveCfg = Debug|Any CPU
		{FEBC5319-28F5-4CF2-83BB-797C3E7EB03D}.Debug|Any CPU.Build.0 = Debug|Any CPU
		{FEBC5319-28F5-4CF2-83BB-797C3E7EB03D}.Release|Any CPU.ActiveCfg = Release|Any CPU
		{FEBC5319-28F5-4CF2-83BB-797C3E7EB03D}.Release|Any CPU.Build.0 = Release|Any CPU
		{6537BF87-2F3B-42F0-B60B-A2751D36C5E6}.Debug|Any CPU.ActiveCfg = Debug|Any CPU
		{6537BF87-2F3B-42F0-B60B-A2751D36C5E6}.Debug|Any CPU.Build.0 = Debug|Any CPU
		{6537BF87-2F3B-42F0-B60B-A2751D36C5E6}.Release|Any CPU.ActiveCfg = Release|Any CPU
		{6537BF87-2F3B-42F0-B60B-A2751D36C5E6}.Release|Any CPU.Build.0 = Release|Any CPU
		{1668D8F8-68A7-4405-B527-B96CAE19DFA7}.Debug|Any CPU.ActiveCfg = Debug|Any CPU
		{1668D8F8-68A7-4405-B527-B96CAE19DFA7}.Debug|Any CPU.Build.0 = Debug|Any CPU
		{1668D8F8-68A7-4405-B527-B96CAE19DFA7}.Release|Any CPU.ActiveCfg = Release|Any CPU
		{1668D8F8-68A7-4405-B527-B96CAE19DFA7}.Release|Any CPU.Build.0 = Release|Any CPU
		{AE55DA98-F5BE-4A73-8F35-2DE8EB87FB69}.Debug|Any CPU.ActiveCfg = Debug|Any CPU
		{AE55DA98-F5BE-4A73-8F35-2DE8EB87FB69}.Debug|Any CPU.Build.0 = Debug|Any CPU
		{AE55DA98-F5BE-4A73-8F35-2DE8EB87FB69}.Release|Any CPU.ActiveCfg = Release|Any CPU
		{AE55DA98-F5BE-4A73-8F35-2DE8EB87FB69}.Release|Any CPU.Build.0 = Release|Any CPU
		{A4DC2E3A-17CB-4686-9A81-7FCAD27F007A}.Debug|Any CPU.ActiveCfg = Debug|Any CPU
		{A4DC2E3A-17CB-4686-9A81-7FCAD27F007A}.Debug|Any CPU.Build.0 = Debug|Any CPU
		{A4DC2E3A-17CB-4686-9A81-7FCAD27F007A}.Release|Any CPU.ActiveCfg = Release|Any CPU
		{A4DC2E3A-17CB-4686-9A81-7FCAD27F007A}.Release|Any CPU.Build.0 = Release|Any CPU
		{AA5CC165-FD24-4816-9832-18B811F4C0B5}.Debug|Any CPU.ActiveCfg = Debug|Any CPU
		{AA5CC165-FD24-4816-9832-18B811F4C0B5}.Debug|Any CPU.Build.0 = Debug|Any CPU
		{AA5CC165-FD24-4816-9832-18B811F4C0B5}.Release|Any CPU.ActiveCfg = Release|Any CPU
		{AA5CC165-FD24-4816-9832-18B811F4C0B5}.Release|Any CPU.Build.0 = Release|Any CPU
		{5821E9D9-444C-4875-9738-E028D84F95A5}.Debug|Any CPU.ActiveCfg = Debug|Any CPU
		{5821E9D9-444C-4875-9738-E028D84F95A5}.Debug|Any CPU.Build.0 = Debug|Any CPU
		{5821E9D9-444C-4875-9738-E028D84F95A5}.Release|Any CPU.ActiveCfg = Release|Any CPU
		{5821E9D9-444C-4875-9738-E028D84F95A5}.Release|Any CPU.Build.0 = Release|Any CPU
	EndGlobalSection
	GlobalSection(SolutionProperties) = preSolution
		HideSolutionNode = FALSE
	EndGlobalSection
	GlobalSection(NestedProjects) = preSolution
		{B75F2EFD-994D-4E4A-B677-835A55E2C853} = {36D591C7-65C7-A0D1-1CBC-10CDE441BDC8}
		{4D6E0A44-395B-4167-A3EC-56FD9F412343} = {36D591C7-65C7-A0D1-1CBC-10CDE441BDC8}
		{C9523F2E-F06D-460B-8767-77BA7492DC23} = {36D591C7-65C7-A0D1-1CBC-10CDE441BDC8}
		{1FB08D86-8057-4311-A85C-C8C8FCA6B04E} = {4A5ED40D-4909-4453-A9BA-5B00CCEB6C73}
		{BC8F5AAB-E7C5-4482-B02D-0E7BBF547873} = {4A5ED40D-4909-4453-A9BA-5B00CCEB6C73}
		{B76082E1-F430-4264-9A50-432FBBB0BDD6} = {4A5ED40D-4909-4453-A9BA-5B00CCEB6C73}
		{621B19A1-FA77-49EE-9BD9-5B27D0A5BF3D} = {FBFDC8D4-14F9-47F7-9532-B5B77F460269}
		{8D93383C-3B11-49C9-904B-6E49C99BA420} = {FBFDC8D4-14F9-47F7-9532-B5B77F460269}
		{6843CF13-754A-4A44-97E6-789F120C1083} = {FBFDC8D4-14F9-47F7-9532-B5B77F460269}
		{D5B4B638-8F45-44E5-90E1-930F1FA0BB74} = {351A2DC5-5311-4756-A2EF-D002F037306F}
		{3FA6F0F8-292A-4EF9-B371-735C84C14DFD} = {351A2DC5-5311-4756-A2EF-D002F037306F}
		{FF6A7108-79BA-4811-8289-CF19CB100B63} = {351A2DC5-5311-4756-A2EF-D002F037306F}
		{0D631FFE-4062-4AA2-ABC7-4BFAC24FDA23} = {54519765-0055-48DC-8DF1-CBF847C21A23}
		{255C49FC-EBF8-4FF3-9B09-720C5AFC09BB} = {54519765-0055-48DC-8DF1-CBF847C21A23}
		{FEBC5319-28F5-4CF2-83BB-797C3E7EB03D} = {54519765-0055-48DC-8DF1-CBF847C21A23}
		{6537BF87-2F3B-42F0-B60B-A2751D36C5E6} = {51AF9E95-78C6-4755-B346-B1F93FF53EDF}
		{1668D8F8-68A7-4405-B527-B96CAE19DFA7} = {51AF9E95-78C6-4755-B346-B1F93FF53EDF}
		{AE55DA98-F5BE-4A73-8F35-2DE8EB87FB69} = {51AF9E95-78C6-4755-B346-B1F93FF53EDF}
		{A4DC2E3A-17CB-4686-9A81-7FCAD27F007A} = {36D591C7-65C7-A0D1-1CBC-10CDE441BDC8}
		{AA5CC165-FD24-4816-9832-18B811F4C0B5} = {36D591C7-65C7-A0D1-1CBC-10CDE441BDC8}
		{5821E9D9-444C-4875-9738-E028D84F95A5} = {36D591C7-65C7-A0D1-1CBC-10CDE441BDC8}
	EndGlobalSection
	GlobalSection(ExtensibilityGlobals) = postSolution
		SolutionGuid = {AA21AA8A-6B1A-475F-869D-F7B2E2A52E5E}
	EndGlobalSection
EndGlobal
